
Microsoft Visual Studio Solution File, Format Version 12.00
# Visual Studio 14
VisualStudioVersion = 14.0.25420.1
MinimumVisualStudioVersion = 10.0.40219.1
Project("{FAE04EC0-301F-11D3-BF4B-00C04F79EFBC}") = "Tatarintsev.Nsudotnet.LinesCounter", "Tatarintsev.Nsudotnet.LinesCounter.csproj", "{3009FB0C-965F-4FD6-8303-5243CE2FCB57}"
EndProject
Global
	GlobalSection(SolutionConfigurationPlatforms) = preSolution
		Debug|Any CPU = Debug|Any CPU
		Release|Any CPU = Release|Any CPU
	EndGlobalSection
	GlobalSection(ProjectConfigurationPlatforms) = postSolution
		{3009FB0C-965F-4FD6-8303-5243CE2FCB57}.Debug|Any CPU.ActiveCfg = Debug|Any CPU
		{3009FB0C-965F-4FD6-8303-5243CE2FCB57}.Debug|Any CPU.Build.0 = Debug|Any CPU
		{3009FB0C-965F-4FD6-8303-5243CE2FCB57}.Release|Any CPU.ActiveCfg = Release|Any CPU
		{3009FB0C-965F-4FD6-8303-5243CE2FCB57}.Release|Any CPU.Build.0 = Release|Any CPU
	EndGlobalSection
	GlobalSection(SolutionProperties) = preSolution
		HideSolutionNode = FALSE
	EndGlobalSection
EndGlobal
